
Microsoft Visual Studio Solution File, Format Version 12.00
# Visual Studio Version 16
VisualStudioVersion = 16.0.32901.82
MinimumVisualStudioVersion = 10.0.40219.1
Project("{9A19103F-16F7-4668-BE54-9A1E7A4F7556}") = "EmployeeApp", "EmployeeApp\EmployeeApp.csproj", "{57285BD4-1B53-425D-B3F4-66F54DEAD69A}"
EndProject
Project("{FAE04EC0-301F-11D3-BF4B-00C04F79EFBC}") = "API", "API\API.csproj", "{AC2B2C67-F58E-4349-A402-F3699159F8D1}"
EndProject
Global
	GlobalSection(SolutionConfigurationPlatforms) = preSolution
		Debug|Any CPU = Debug|Any CPU
		Release|Any CPU = Release|Any CPU
	EndGlobalSection
	GlobalSection(ProjectConfigurationPlatforms) = postSolution
		{57285BD4-1B53-425D-B3F4-66F54DEAD69A}.Debug|Any CPU.ActiveCfg = Debug|Any CPU
		{57285BD4-1B53-425D-B3F4-66F54DEAD69A}.Debug|Any CPU.Build.0 = Debug|Any CPU
		{57285BD4-1B53-425D-B3F4-66F54DEAD69A}.Release|Any CPU.ActiveCfg = Release|Any CPU
		{57285BD4-1B53-425D-B3F4-66F54DEAD69A}.Release|Any CPU.Build.0 = Release|Any CPU
		{AC2B2C67-F58E-4349-A402-F3699159F8D1}.Debug|Any CPU.ActiveCfg = Debug|Any CPU
		{AC2B2C67-F58E-4349-A402-F3699159F8D1}.Debug|Any CPU.Build.0 = Debug|Any CPU
		{AC2B2C67-F58E-4349-A402-F3699159F8D1}.Release|Any CPU.ActiveCfg = Release|Any CPU
		{AC2B2C67-F58E-4349-A402-F3699159F8D1}.Release|Any CPU.Build.0 = Release|Any CPU
	EndGlobalSection
	GlobalSection(SolutionProperties) = preSolution
		HideSolutionNode = FALSE
	EndGlobalSection
	GlobalSection(ExtensibilityGlobals) = postSolution
		SolutionGuid = {698B2CAC-BA8D-42EF-A06F-00595FB6CF96}
	EndGlobalSection
EndGlobal
